// !$*UTF8*$!
{
	archiveVersion = 1;
	classes = {
	};
	objectVersion = 56;
	objects = {

/* Begin PBXBuildFile section */
		3338E6982BD825570052ABED /* post.swift in Sources */ = {isa = PBXBuildFile; fileRef = 3338E6972BD825570052ABED /* post.swift */; };
		33C2C7D82BEBCBC900E5FC49 /* selectingPFP.swift in Sources */ = {isa = PBXBuildFile; fileRef = 33C2C7D72BEBCBC900E5FC49 /* selectingPFP.swift */; };
		33C6A9BE2BDBFFF000468BF5 /* account.swift in Sources */ = {isa = PBXBuildFile; fileRef = 33C6A9BD2BDBFFF000468BF5 /* account.swift */; };
		33C6A9C02BDBFFFF00468BF5 /* message.swift in Sources */ = {isa = PBXBuildFile; fileRef = 33C6A9BF2BDBFFFF00468BF5 /* message.swift */; };
		33C8584E2BE93F7A00863E58 /* AccInfo.swift in Sources */ = {isa = PBXBuildFile; fileRef = 33C8584D2BE93F7A00863E58 /* AccInfo.swift */; };
		33CBD4E42BD806A000E7AFDA /* story.swift in Sources */ = {isa = PBXBuildFile; fileRef = 33CBD4E32BD806A000E7AFDA /* story.swift */; };
		33CBD4E62BD8098000E7AFDA /* story2.swift in Sources */ = {isa = PBXBuildFile; fileRef = 33CBD4E52BD8098000E7AFDA /* story2.swift */; };
		33D853C62BE1558E00170A03 /* texting.swift in Sources */ = {isa = PBXBuildFile; fileRef = 33D853C52BE1558E00170A03 /* texting.swift */; };
		33DAE29C2BDAA60000340367 /* beginning.swift in Sources */ = {isa = PBXBuildFile; fileRef = 33DAE29B2BDAA60000340367 /* beginning.swift */; };
		33DAE29E2BDAB1A400340367 /* createAcc.swift in Sources */ = {isa = PBXBuildFile; fileRef = 33DAE29D2BDAB1A400340367 /* createAcc.swift */; };
		33DEE8E32BDFF6B7008E764A /* Home.swift in Sources */ = {isa = PBXBuildFile; fileRef = 33DEE8E22BDFF6B7008E764A /* Home.swift */; };
		33E160492BED341E00F70628 /* start1.swift in Sources */ = {isa = PBXBuildFile; fileRef = 33E160482BED341E00F70628 /* start1.swift */; };
		33E2CD482BE3E763008B3DF0 /* post2.swift in Sources */ = {isa = PBXBuildFile; fileRef = 33E2CD472BE3E763008B3DF0 /* post2.swift */; };
		33E2CD4A2BE3E800008B3DF0 /* post1.swift in Sources */ = {isa = PBXBuildFile; fileRef = 33E2CD492BE3E800008B3DF0 /* post1.swift */; };
		33E6E40A2BE552F6006B57FD /* tabPage.swift in Sources */ = {isa = PBXBuildFile; fileRef = 33E6E4092BE552F6006B57FD /* tabPage.swift */; };
		33FD80D32BD6CE2D00AC7CE5 /* socialMediaAppApp.swift in Sources */ = {isa = PBXBuildFile; fileRef = 33FD80D22BD6CE2D00AC7CE5 /* socialMediaAppApp.swift */; };
		33FD80D52BD6CE2D00AC7CE5 /* ContentView.swift in Sources */ = {isa = PBXBuildFile; fileRef = 33FD80D42BD6CE2D00AC7CE5 /* ContentView.swift */; };
		33FD80D72BD6CE2F00AC7CE5 /* Assets.xcassets in Resources */ = {isa = PBXBuildFile; fileRef = 33FD80D62BD6CE2F00AC7CE5 /* Assets.xcassets */; };
		33FD80DA2BD6CE2F00AC7CE5 /* Preview Assets.xcassets in Resources */ = {isa = PBXBuildFile; fileRef = 33FD80D92BD6CE2F00AC7CE5 /* Preview Assets.xcassets */; };
/* End PBXBuildFile section */

/* Begin PBXFileReference section */
		3338E6972BD825570052ABED /* post.swift */ = {isa = PBXFileReference; lastKnownFileType = sourcecode.swift; path = post.swift; sourceTree = "<group>"; };
		33C2C7D72BEBCBC900E5FC49 /* selectingPFP.swift */ = {isa = PBXFileReference; lastKnownFileType = sourcecode.swift; path = selectingPFP.swift; sourceTree = "<group>"; };
		33C6A9BD2BDBFFF000468BF5 /* account.swift */ = {isa = PBXFileReference; lastKnownFileType = sourcecode.swift; path = account.swift; sourceTree = "<group>"; };
		33C6A9BF2BDBFFFF00468BF5 /* message.swift */ = {isa = PBXFileReference; lastKnownFileType = sourcecode.swift; path = message.swift; sourceTree = "<group>"; };
		33C8584D2BE93F7A00863E58 /* AccInfo.swift */ = {isa = PBXFileReference; lastKnownFileType = sourcecode.swift; path = AccInfo.swift; sourceTree = "<group>"; };
		33CBD4E32BD806A000E7AFDA /* story.swift */ = {isa = PBXFileReference; lastKnownFileType = sourcecode.swift; path = story.swift; sourceTree = "<group>"; };
		33CBD4E52BD8098000E7AFDA /* story2.swift */ = {isa = PBXFileReference; lastKnownFileType = sourcecode.swift; path = story2.swift; sourceTree = "<group>"; };
		33D853C52BE1558E00170A03 /* texting.swift */ = {isa = PBXFileReference; lastKnownFileType = sourcecode.swift; path = texting.swift; sourceTree = "<group>"; };
		33DAE29B2BDAA60000340367 /* beginning.swift */ = {isa = PBXFileReference; lastKnownFileType = sourcecode.swift; path = beginning.swift; sourceTree = "<group>"; };
		33DAE29D2BDAB1A400340367 /* createAcc.swift */ = {isa = PBXFileReference; lastKnownFileType = sourcecode.swift; path = createAcc.swift; sourceTree = "<group>"; };
		33DEE8E22BDFF6B7008E764A /* Home.swift */ = {isa = PBXFileReference; lastKnownFileType = sourcecode.swift; path = Home.swift; sourceTree = "<group>"; };
		33E160482BED341E00F70628 /* start1.swift */ = {isa = PBXFileReference; lastKnownFileType = sourcecode.swift; path = start1.swift; sourceTree = "<group>"; };
		33E2CD472BE3E763008B3DF0 /* post2.swift */ = {isa = PBXFileReference; lastKnownFileType = sourcecode.swift; path = post2.swift; sourceTree = "<group>"; };
		33E2CD492BE3E800008B3DF0 /* post1.swift */ = {isa = PBXFileReference; lastKnownFileType = sourcecode.swift; path = post1.swift; sourceTree = "<group>"; };
		33E6E4092BE552F6006B57FD /* tabPage.swift */ = {isa = PBXFileReference; lastKnownFileType = sourcecode.swift; path = tabPage.swift; sourceTree = "<group>"; };
		33FD80CF2BD6CE2D00AC7CE5 /* socialMediaApp.app */ = {isa = PBXFileReference; explicitFileType = wrapper.application; includeInIndex = 0; path = socialMediaApp.app; sourceTree = BUILT_PRODUCTS_DIR; };
		33FD80D22BD6CE2D00AC7CE5 /* socialMediaAppApp.swift */ = {isa = PBXFileReference; lastKnownFileType = sourcecode.swift; path = socialMediaAppApp.swift; sourceTree = "<group>"; };
		33FD80D42BD6CE2D00AC7CE5 /* ContentView.swift */ = {isa = PBXFileReference; lastKnownFileType = sourcecode.swift; path = ContentView.swift; sourceTree = "<group>"; };
		33FD80D62BD6CE2F00AC7CE5 /* Assets.xcassets */ = {isa = PBXFileReference; lastKnownFileType = folder.assetcatalog; path = Assets.xcassets; sourceTree = "<group>"; };
		33FD80D92BD6CE2F00AC7CE5 /* Preview Assets.xcassets */ = {isa = PBXFileReference; lastKnownFileType = folder.assetcatalog; path = "Preview Assets.xcassets"; sourceTree = "<group>"; };
/* End PBXFileReference section */

/* Begin PBXFrameworksBuildPhase section */
		33FD80CC2BD6CE2D00AC7CE5 /* Frameworks */ = {
			isa = PBXFrameworksBuildPhase;
			buildActionMask = 2147483647;
			files = (
			);
			runOnlyForDeploymentPostprocessing = 0;
		};
/* End PBXFrameworksBuildPhase section */

/* Begin PBXGroup section */
		33FD80C62BD6CE2C00AC7CE5 = {
			isa = PBXGroup;
			children = (
				33FD80D12BD6CE2D00AC7CE5 /* socialMediaApp */,
				33FD80D02BD6CE2D00AC7CE5 /* Products */,
			);
			sourceTree = "<group>";
		};
		33FD80D02BD6CE2D00AC7CE5 /* Products */ = {
			isa = PBXGroup;
			children = (
				33FD80CF2BD6CE2D00AC7CE5 /* socialMediaApp.app */,
			);
			name = Products;
			sourceTree = "<group>";
		};
		33FD80D12BD6CE2D00AC7CE5 /* socialMediaApp */ = {
			isa = PBXGroup;
			children = (
				33FD80D22BD6CE2D00AC7CE5 /* socialMediaAppApp.swift */,
				33DAE29B2BDAA60000340367 /* beginning.swift */,
				33E160482BED341E00F70628 /* start1.swift */,
				33DAE29D2BDAB1A400340367 /* createAcc.swift */,
				33C2C7D72BEBCBC900E5FC49 /* selectingPFP.swift */,
				33FD80D42BD6CE2D00AC7CE5 /* ContentView.swift */,
				33E6E4092BE552F6006B57FD /* tabPage.swift */,
				33DEE8E22BDFF6B7008E764A /* Home.swift */,
				3338E6972BD825570052ABED /* post.swift */,
				33E2CD492BE3E800008B3DF0 /* post1.swift */,
				33E2CD472BE3E763008B3DF0 /* post2.swift */,
				33C6A9BD2BDBFFF000468BF5 /* account.swift */,
				33C8584D2BE93F7A00863E58 /* AccInfo.swift */,
				33C6A9BF2BDBFFFF00468BF5 /* message.swift */,
				33D853C52BE1558E00170A03 /* texting.swift */,
				33CBD4E32BD806A000E7AFDA /* story.swift */,
				33CBD4E52BD8098000E7AFDA /* story2.swift */,
				33FD80D62BD6CE2F00AC7CE5 /* Assets.xcassets */,
				33FD80D82BD6CE2F00AC7CE5 /* Preview Content */,
			);
			path = socialMediaApp;
			sourceTree = "<group>";
		};
		33FD80D82BD6CE2F00AC7CE5 /* Preview Content */ = {
			isa = PBXGroup;
			children = (
				33FD80D92BD6CE2F00AC7CE5 /* Preview Assets.xcassets */,
			);
			path = "Preview Content";
			sourceTree = "<group>";
		};
/* End PBXGroup section */

/* Begin PBXNativeTarget section */
		33FD80CE2BD6CE2D00AC7CE5 /* socialMediaApp */ = {
			isa = PBXNativeTarget;
			buildConfigurationList = 33FD80DD2BD6CE2F00AC7CE5 /* Build configuration list for PBXNativeTarget "socialMediaApp" */;
			buildPhases = (
				33FD80CB2BD6CE2D00AC7CE5 /* Sources */,
				33FD80CC2BD6CE2D00AC7CE5 /* Frameworks */,
				33FD80CD2BD6CE2D00AC7CE5 /* Resources */,
			);
			buildRules = (
			);
			dependencies = (
			);
			name = socialMediaApp;
			productName = socialMediaApp;
			productReference = 33FD80CF2BD6CE2D00AC7CE5 /* socialMediaApp.app */;
			productType = "com.apple.product-type.application";
		};
/* End PBXNativeTarget section */

/* Begin PBXProject section */
		33FD80C72BD6CE2C00AC7CE5 /* Project object */ = {
			isa = PBXProject;
			attributes = {
				BuildIndependentTargetsInParallel = 1;
				LastSwiftUpdateCheck = 1510;
				LastUpgradeCheck = 1510;
				TargetAttributes = {
					33FD80CE2BD6CE2D00AC7CE5 = {
						CreatedOnToolsVersion = 15.1;
					};
				};
			};
			buildConfigurationList = 33FD80CA2BD6CE2D00AC7CE5 /* Build configuration list for PBXProject "socialMediaApp" */;
			compatibilityVersion = "Xcode 14.0";
			developmentRegion = en;
			hasScannedForEncodings = 0;
			knownRegions = (
				en,
				Base,
			);
			mainGroup = 33FD80C62BD6CE2C00AC7CE5;
			productRefGroup = 33FD80D02BD6CE2D00AC7CE5 /* Products */;
			projectDirPath = "";
			projectRoot = "";
			targets = (
				33FD80CE2BD6CE2D00AC7CE5 /* socialMediaApp */,
			);
		};
/* End PBXProject section */

/* Begin PBXResourcesBuildPhase section */
		33FD80CD2BD6CE2D00AC7CE5 /* Resources */ = {
			isa = PBXResourcesBuildPhase;
			buildActionMask = 2147483647;
			files = (
				33FD80DA2BD6CE2F00AC7CE5 /* Preview Assets.xcassets in Resources */,
				33FD80D72BD6CE2F00AC7CE5 /* Assets.xcassets in Resources */,
			);
			runOnlyForDeploymentPostprocessing = 0;
		};
/* End PBXResourcesBuildPhase section */

/* Begin PBXSourcesBuildPhase section */
		33FD80CB2BD6CE2D00AC7CE5 /* Sources */ = {
			isa = PBXSourcesBuildPhase;
			buildActionMask = 2147483647;
			files = (
				33CBD4E42BD806A000E7AFDA /* story.swift in Sources */,
				33C2C7D82BEBCBC900E5FC49 /* selectingPFP.swift in Sources */,
				33DAE29C2BDAA60000340367 /* beginning.swift in Sources */,
				33E160492BED341E00F70628 /* start1.swift in Sources */,
				33DEE8E32BDFF6B7008E764A /* Home.swift in Sources */,
				3338E6982BD825570052ABED /* post.swift in Sources */,
				33C8584E2BE93F7A00863E58 /* AccInfo.swift in Sources */,
				33E2CD4A2BE3E800008B3DF0 /* post1.swift in Sources */,
				33FD80D52BD6CE2D00AC7CE5 /* ContentView.swift in Sources */,
				33CBD4E62BD8098000E7AFDA /* story2.swift in Sources */,
				33D853C62BE1558E00170A03 /* texting.swift in Sources */,
				33C6A9C02BDBFFFF00468BF5 /* message.swift in Sources */,
				33C6A9BE2BDBFFF000468BF5 /* account.swift in Sources */,
				33FD80D32BD6CE2D00AC7CE5 /* socialMediaAppApp.swift in Sources */,
				33E2CD482BE3E763008B3DF0 /* post2.swift in Sources */,
				33E6E40A2BE552F6006B57FD /* tabPage.swift in Sources */,
				33DAE29E2BDAB1A400340367 /* createAcc.swift in Sources */,
			);
			runOnlyForDeploymentPostprocessing = 0;
		};
/* End PBXSourcesBuildPhase section */

/* Begin XCBuildConfiguration section */
		33FD80DB2BD6CE2F00AC7CE5 /* Debug */ = {
			isa = XCBuildConfiguration;
			buildSettings = {
				ALWAYS_SEARCH_USER_PATHS = NO;
				ASSETCATALOG_COMPILER_GENERATE_SWIFT_ASSET_SYMBOL_EXTENSIONS = YES;
				CLANG_ANALYZER_NONNULL = YES;
				CLANG_ANALYZER_NUMBER_OBJECT_CONVERSION = YES_AGGRESSIVE;
				CLANG_CXX_LANGUAGE_STANDARD = "gnu++20";
				CLANG_ENABLE_MODULES = YES;
				CLANG_ENABLE_OBJC_ARC = YES;
				CLANG_ENABLE_OBJC_WEAK = YES;
				CLANG_WARN_BLOCK_CAPTURE_AUTORELEASING = YES;
				CLANG_WARN_BOOL_CONVERSION = YES;
				CLANG_WARN_COMMA = YES;
				CLANG_WARN_CONSTANT_CONVERSION = YES;
				CLANG_WARN_DEPRECATED_OBJC_IMPLEMENTATIONS = YES;
				CLANG_WARN_DIRECT_OBJC_ISA_USAGE = YES_ERROR;
				CLANG_WARN_DOCUMENTATION_COMMENTS = YES;
				CLANG_WARN_EMPTY_BODY = YES;
				CLANG_WARN_ENUM_CONVERSION = YES;
				CLANG_WARN_INFINITE_RECURSION = YES;
				CLANG_WARN_INT_CONVERSION = YES;
				CLANG_WARN_NON_LITERAL_NULL_CONVERSION = YES;
				CLANG_WARN_OBJC_IMPLICIT_RETAIN_SELF = YES;
				CLANG_WARN_OBJC_LITERAL_CONVERSION = YES;
				CLANG_WARN_OBJC_ROOT_CLASS = YES_ERROR;
				CLANG_WARN_QUOTED_INCLUDE_IN_FRAMEWORK_HEADER = YES;
				CLANG_WARN_RANGE_LOOP_ANALYSIS = YES;
				CLANG_WARN_STRICT_PROTOTYPES = YES;
				CLANG_WARN_SUSPICIOUS_MOVE = YES;
				CLANG_WARN_UNGUARDED_AVAILABILITY = YES_AGGRESSIVE;
				CLANG_WARN_UNREACHABLE_CODE = YES;
				CLANG_WARN__DUPLICATE_METHOD_MATCH = YES;
				COPY_PHASE_STRIP = NO;
				DEBUG_INFORMATION_FORMAT = dwarf;
				ENABLE_STRICT_OBJC_MSGSEND = YES;
				ENABLE_TESTABILITY = YES;
				ENABLE_USER_SCRIPT_SANDBOXING = YES;
				GCC_C_LANGUAGE_STANDARD = gnu17;
				GCC_DYNAMIC_NO_PIC = NO;
				GCC_NO_COMMON_BLOCKS = YES;
				GCC_OPTIMIZATION_LEVEL = 0;
				GCC_PREPROCESSOR_DEFINITIONS = (
					"DEBUG=1",
					"$(inherited)",
				);
				GCC_WARN_64_TO_32_BIT_CONVERSION = YES;
				GCC_WARN_ABOUT_RETURN_TYPE = YES_ERROR;
				GCC_WARN_UNDECLARED_SELECTOR = YES;
				GCC_WARN_UNINITIALIZED_AUTOS = YES_AGGRESSIVE;
				GCC_WARN_UNUSED_FUNCTION = YES;
				GCC_WARN_UNUSED_VARIABLE = YES;
				IPHONEOS_DEPLOYMENT_TARGET = 17.2;
				LOCALIZATION_PREFERS_STRING_CATALOGS = YES;
				MTL_ENABLE_DEBUG_INFO = INCLUDE_SOURCE;
				MTL_FAST_MATH = YES;
				ONLY_ACTIVE_ARCH = YES;
				SDKROOT = iphoneos;
				SWIFT_ACTIVE_COMPILATION_CONDITIONS = "DEBUG $(inherited)";
				SWIFT_OPTIMIZATION_LEVEL = "-Onone";
			};
			name = Debug;
		};
		33FD80DC2BD6CE2F00AC7CE5 /* Release */ = {
			isa = XCBuildConfiguration;
			buildSettings = {
				ALWAYS_SEARCH_USER_PATHS = NO;
				ASSETCATALOG_COMPILER_GENERATE_SWIFT_ASSET_SYMBOL_EXTENSIONS = YES;
				CLANG_ANALYZER_NONNULL = YES;
				CLANG_ANALYZER_NUMBER_OBJECT_CONVERSION = YES_AGGRESSIVE;
				CLANG_CXX_LANGUAGE_STANDARD = "gnu++20";
				CLANG_ENABLE_MODULES = YES;
				CLANG_ENABLE_OBJC_ARC = YES;
				CLANG_ENABLE_OBJC_WEAK = YES;
				CLANG_WARN_BLOCK_CAPTURE_AUTORELEASING = YES;
				CLANG_WARN_BOOL_CONVERSION = YES;
				CLANG_WARN_COMMA = YES;
				CLANG_WARN_CONSTANT_CONVERSION = YES;
				CLANG_WARN_DEPRECATED_OBJC_IMPLEMENTATIONS = YES;
				CLANG_WARN_DIRECT_OBJC_ISA_USAGE = YES_ERROR;
				CLANG_WARN_DOCUMENTATION_COMMENTS = YES;
				CLANG_WARN_EMPTY_BODY = YES;
				CLANG_WARN_ENUM_CONVERSION = YES;
				CLANG_WARN_INFINITE_RECURSION = YES;
				CLANG_WARN_INT_CONVERSION = YES;
				CLANG_WARN_NON_LITERAL_NULL_CONVERSION = YES;
				CLANG_WARN_OBJC_IMPLICIT_RETAIN_SELF = YES;
				CLANG_WARN_OBJC_LITERAL_CONVERSION = YES;
				CLANG_WARN_OBJC_ROOT_CLASS = YES_ERROR;
				CLANG_WARN_QUOTED_INCLUDE_IN_FRAMEWORK_HEADER = YES;
				CLANG_WARN_RANGE_LOOP_ANALYSIS = YES;
				CLANG_WARN_STRICT_PROTOTYPES = YES;
				CLANG_WARN_SUSPICIOUS_MOVE = YES;
				CLANG_WARN_UNGUARDED_AVAILABILITY = YES_AGGRESSIVE;
				CLANG_WARN_UNREACHABLE_CODE = YES;
				CLANG_WARN__DUPLICATE_METHOD_MATCH = YES;
				COPY_PHASE_STRIP = NO;
				DEBUG_INFORMATION_FORMAT = "dwarf-with-dsym";
				ENABLE_NS_ASSERTIONS = NO;
				ENABLE_STRICT_OBJC_MSGSEND = YES;
				ENABLE_USER_SCRIPT_SANDBOXING = YES;
				GCC_C_LANGUAGE_STANDARD = gnu17;
				GCC_NO_COMMON_BLOCKS = YES;
				GCC_WARN_64_TO_32_BIT_CONVERSION = YES;
				GCC_WARN_ABOUT_RETURN_TYPE = YES_ERROR;
				GCC_WARN_UNDECLARED_SELECTOR = YES;
				GCC_WARN_UNINITIALIZED_AUTOS = YES_AGGRESSIVE;
				GCC_WARN_UNUSED_FUNCTION = YES;
				GCC_WARN_UNUSED_VARIABLE = YES;
				IPHONEOS_DEPLOYMENT_TARGET = 17.2;
				LOCALIZATION_PREFERS_STRING_CATALOGS = YES;
				MTL_ENABLE_DEBUG_INFO = NO;
				MTL_FAST_MATH = YES;
				SDKROOT = iphoneos;
				SWIFT_COMPILATION_MODE = wholemodule;
				VALIDATE_PRODUCT = YES;
			};
			name = Release;
		};
		33FD80DE2BD6CE2F00AC7CE5 /* Debug */ = {
			isa = XCBuildConfiguration;
			buildSettings = {
				ASSETCATALOG_COMPILER_APPICON_NAME = AppIcon;
				ASSETCATALOG_COMPILER_GLOBAL_ACCENT_COLOR_NAME = AccentColor;
				CODE_SIGN_STYLE = Automatic;
				CURRENT_PROJECT_VERSION = 1;
				DEVELOPMENT_ASSET_PATHS = "\"socialMediaApp/Preview Content\"";
				ENABLE_PREVIEWS = YES;
				GENERATE_INFOPLIST_FILE = YES;
				INFOPLIST_KEY_UIApplicationSceneManifest_Generation = YES;
				INFOPLIST_KEY_UIApplicationSupportsIndirectInputEvents = YES;
				INFOPLIST_KEY_UILaunchScreen_Generation = YES;
				INFOPLIST_KEY_UISupportedInterfaceOrientations_iPad = "UIInterfaceOrientationPortrait UIInterfaceOrientationPortraitUpsideDown UIInterfaceOrientationLandscapeLeft UIInterfaceOrientationLandscapeRight";
				INFOPLIST_KEY_UISupportedInterfaceOrientations_iPhone = "UIInterfaceOrientationPortrait UIInterfaceOrientationLandscapeLeft UIInterfaceOrientationLandscapeRight";
				LD_RUNPATH_SEARCH_PATHS = (
					"$(inherited)",
					"@executable_path/Frameworks",
				);
				MARKETING_VERSION = 1.0;
				PRODUCT_BUNDLE_IDENTIFIER = com.example.socialMediaApp;
				PRODUCT_NAME = "$(TARGET_NAME)";
				SWIFT_EMIT_LOC_STRINGS = YES;
				SWIFT_VERSION = 5.0;
				TARGETED_DEVICE_FAMILY = "1,2";
			};
			name = Debug;
		};
		33FD80DF2BD6CE2F00AC7CE5 /* Release */ = {
			isa = XCBuildConfiguration;
			buildSettings = {
				ASSETCATALOG_COMPILER_APPICON_NAME = AppIcon;
				ASSETCATALOG_COMPILER_GLOBAL_ACCENT_COLOR_NAME = AccentColor;
				CODE_SIGN_STYLE = Automatic;
				CURRENT_PROJECT_VERSION = 1;
				DEVELOPMENT_ASSET_PATHS = "\"socialMediaApp/Preview Content\"";
				ENABLE_PREVIEWS = YES;
				GENERATE_INFOPLIST_FILE = YES;
				INFOPLIST_KEY_UIApplicationSceneManifest_Generation = YES;
				INFOPLIST_KEY_UIApplicationSupportsIndirectInputEvents = YES;
				INFOPLIST_KEY_UILaunchScreen_Generation = YES;
				INFOPLIST_KEY_UISupportedInterfaceOrientations_iPad = "UIInterfaceOrientationPortrait UIInterfaceOrientationPortraitUpsideDown UIInterfaceOrientationLandscapeLeft UIInterfaceOrientationLandscapeRight";
				INFOPLIST_KEY_UISupportedInterfaceOrientations_iPhone = "UIInterfaceOrientationPortrait UIInterfaceOrientationLandscapeLeft UIInterfaceOrientationLandscapeRight";
				LD_RUNPATH_SEARCH_PATHS = (
					"$(inherited)",
					"@executable_path/Frameworks",
				);
				MARKETING_VERSION = 1.0;
				PRODUCT_BUNDLE_IDENTIFIER = com.example.socialMediaApp;
				PRODUCT_NAME = "$(TARGET_NAME)";
				SWIFT_EMIT_LOC_STRINGS = YES;
				SWIFT_VERSION = 5.0;
				TARGETED_DEVICE_FAMILY = "1,2";
			};
			name = Release;
		};
/* End XCBuildConfiguration section */

/* Begin XCConfigurationList section */
		33FD80CA2BD6CE2D00AC7CE5 /* Build configuration list for PBXProject "socialMediaApp" */ = {
			isa = XCConfigurationList;
			buildConfigurations = (
				33FD80DB2BD6CE2F00AC7CE5 /* Debug */,
				33FD80DC2BD6CE2F00AC7CE5 /* Release */,
			);
			defaultConfigurationIsVisible = 0;
			defaultConfigurationName = Release;
		};
		33FD80DD2BD6CE2F00AC7CE5 /* Build configuration list for PBXNativeTarget "socialMediaApp" */ = {
			isa = XCConfigurationList;
			buildConfigurations = (
				33FD80DE2BD6CE2F00AC7CE5 /* Debug */,
				33FD80DF2BD6CE2F00AC7CE5 /* Release */,
			);
			defaultConfigurationIsVisible = 0;
			defaultConfigurationName = Release;
		};
/* End XCConfigurationList section */
	};
	rootObject = 33FD80C72BD6CE2C00AC7CE5 /* Project object */;
}
